// !$*UTF8*$!
{
	archiveVersion = 1;
	classes = {
	};
	objectVersion = 55;
	objects = {

/* Begin PBXBuildFile section */
		273E134F28F1D9A700877965 /* TaskListViewModel.swift in Sources */ = {isa = PBXBuildFile; fileRef = 273E134E28F1D9A700877965 /* TaskListViewModel.swift */; };
		2750A40528D02BE9000EE24D /* AppDelegate.swift in Sources */ = {isa = PBXBuildFile; fileRef = 2750A40428D02BE9000EE24D /* AppDelegate.swift */; };
		2750A40728D02BE9000EE24D /* SceneDelegate.swift in Sources */ = {isa = PBXBuildFile; fileRef = 2750A40628D02BE9000EE24D /* SceneDelegate.swift */; };
		2750A40928D02BE9000EE24D /* TabBarViewController.swift in Sources */ = {isa = PBXBuildFile; fileRef = 2750A40828D02BE9000EE24D /* TabBarViewController.swift */; };
		2750A40E28D02BEB000EE24D /* Assets.xcassets in Resources */ = {isa = PBXBuildFile; fileRef = 2750A40D28D02BEB000EE24D /* Assets.xcassets */; };
		2750A41128D02BEB000EE24D /* LaunchScreen.storyboard in Resources */ = {isa = PBXBuildFile; fileRef = 2750A40F28D02BEB000EE24D /* LaunchScreen.storyboard */; };
		2750A41C28D02BEB000EE24D /* HongikTimerTests.swift in Sources */ = {isa = PBXBuildFile; fileRef = 2750A41B28D02BEB000EE24D /* HongikTimerTests.swift */; };
		2750A42628D02BEB000EE24D /* HongikTimerUITests.swift in Sources */ = {isa = PBXBuildFile; fileRef = 2750A42528D02BEB000EE24D /* HongikTimerUITests.swift */; };
		2750A42828D02BEB000EE24D /* HongikTimerUITestsLaunchTests.swift in Sources */ = {isa = PBXBuildFile; fileRef = 2750A42728D02BEB000EE24D /* HongikTimerUITestsLaunchTests.swift */; };
		2750A44D28D032A2000EE24D /* .swiftlint.yml in Resources */ = {isa = PBXBuildFile; fileRef = 2750A44C28D032A2000EE24D /* .swiftlint.yml */; };
		2750A44F28D0340F000EE24D /* TabBarViewModel.swift in Sources */ = {isa = PBXBuildFile; fileRef = 2750A44E28D0340F000EE24D /* TabBarViewModel.swift */; };
		2750A45228D0386A000EE24D /* HomeViewController.swift in Sources */ = {isa = PBXBuildFile; fileRef = 2750A45128D0386A000EE24D /* HomeViewController.swift */; };
		2750A45428D04C95000EE24D /* PurposeView.swift in Sources */ = {isa = PBXBuildFile; fileRef = 2750A45328D04C95000EE24D /* PurposeView.swift */; };
		2750A45628D051D3000EE24D /* SetPurposeViewController.swift in Sources */ = {isa = PBXBuildFile; fileRef = 2750A45528D051D3000EE24D /* SetPurposeViewController.swift */; };
		2755964928D5CE4500E103F6 /* KakaoAuthService.swift in Sources */ = {isa = PBXBuildFile; fileRef = 2755964828D5CE4500E103F6 /* KakaoAuthService.swift */; };
		2755964C28D5D3F400E103F6 /* Then in Frameworks */ = {isa = PBXBuildFile; productRef = 2755964B28D5D3F400E103F6 /* Then */; };
		2755964F28D5D40B00E103F6 /* SnapKit in Frameworks */ = {isa = PBXBuildFile; productRef = 2755964E28D5D40B00E103F6 /* SnapKit */; };
		2755965228D5D42100E103F6 /* Kingfisher in Frameworks */ = {isa = PBXBuildFile; productRef = 2755965128D5D42100E103F6 /* Kingfisher */; };
		27615A8328D450B80099DB00 /* SeparatorView.swift in Sources */ = {isa = PBXBuildFile; fileRef = 27615A8228D450B80099DB00 /* SeparatorView.swift */; };
		27615A8528D4B86A0099DB00 /* AppleAuthService.swift in Sources */ = {isa = PBXBuildFile; fileRef = 27615A8428D4B86A0099DB00 /* AppleAuthService.swift */; };
		27615A8728D4D9E80099DB00 /* GoogleAuthService.swift in Sources */ = {isa = PBXBuildFile; fileRef = 27615A8628D4D9E80099DB00 /* GoogleAuthService.swift */; };
		27615A8928D4DB7D0099DB00 /* AuthNotificationService.swift in Sources */ = {isa = PBXBuildFile; fileRef = 27615A8828D4DB7D0099DB00 /* AuthNotificationService.swift */; };
		278DE6B728D6240000E38A1F /* NaverAuthService.swift in Sources */ = {isa = PBXBuildFile; fileRef = 278DE6B628D6240000E38A1F /* NaverAuthService.swift */; };
		278DE6B928D71A1200E38A1F /* SettingCellModel.swift in Sources */ = {isa = PBXBuildFile; fileRef = 278DE6B828D71A1200E38A1F /* SettingCellModel.swift */; };
		278DE6BB28D766D600E38A1F /* DatabaseManager.swift in Sources */ = {isa = PBXBuildFile; fileRef = 278DE6BA28D766D600E38A1F /* DatabaseManager.swift */; };
		2793C11E28F47AF400FC7D13 /* User.swift in Sources */ = {isa = PBXBuildFile; fileRef = 2793C11D28F47AF400FC7D13 /* User.swift */; };
		2793C12028F4801600FC7D13 /* UserDefaultService.swift in Sources */ = {isa = PBXBuildFile; fileRef = 2793C11F28F4801600FC7D13 /* UserDefaultService.swift */; };
		2793C12428F499DC00FC7D13 /* TaskEditPresentaionController.swift in Sources */ = {isa = PBXBuildFile; fileRef = 2793C12328F499DC00FC7D13 /* TaskEditPresentaionController.swift */; };
		2793C12628F49F9100FC7D13 /* UIView+Extension.swift in Sources */ = {isa = PBXBuildFile; fileRef = 2793C12528F49F9100FC7D13 /* UIView+Extension.swift */; };
		2793C12828F4A2B000FC7D13 /* TaskEditViewController.swift in Sources */ = {isa = PBXBuildFile; fileRef = 2793C12728F4A2B000FC7D13 /* TaskEditViewController.swift */; };
		2793C12B28F52F4300FC7D13 /* UIButton+Extension.swift in Sources */ = {isa = PBXBuildFile; fileRef = 2793C12A28F52F4300FC7D13 /* UIButton+Extension.swift */; };
		2793C12D28F535C500FC7D13 /* TodoNotificationService.swift in Sources */ = {isa = PBXBuildFile; fileRef = 2793C12C28F535C500FC7D13 /* TodoNotificationService.swift */; };
		2793C13028F58DB300FC7D13 /* NotTimerViewController.swift in Sources */ = {isa = PBXBuildFile; fileRef = 2793C12F28F58DB300FC7D13 /* NotTimerViewController.swift */; };
		2793C13328F5901400FC7D13 /* Lottie in Frameworks */ = {isa = PBXBuildFile; productRef = 2793C13228F5901400FC7D13 /* Lottie */; };
		2793C13B28F5969E00FC7D13 /* TimerAnimation.json in Resources */ = {isa = PBXBuildFile; fileRef = 2793C13A28F5969E00FC7D13 /* TimerAnimation.json */; };
		2793C14028F5C1BF00FC7D13 /* BoardViewController.swift in Sources */ = {isa = PBXBuildFile; fileRef = 2793C13F28F5C1BF00FC7D13 /* BoardViewController.swift */; };
		2793C14228F5D08C00FC7D13 /* TodoSettingViewController.swift in Sources */ = {isa = PBXBuildFile; fileRef = 2793C14128F5D08C00FC7D13 /* TodoSettingViewController.swift */; };
		2793C14428F5D52300FC7D13 /* PopularBoardView.swift in Sources */ = {isa = PBXBuildFile; fileRef = 2793C14328F5D52300FC7D13 /* PopularBoardView.swift */; };
		2793C14628F5D7EA00FC7D13 /* PopularBoardCell.swift in Sources */ = {isa = PBXBuildFile; fileRef = 2793C14528F5D7EA00FC7D13 /* PopularBoardCell.swift */; };
		2793C14C28F5F25600FC7D13 /* InterestBoardView.swift in Sources */ = {isa = PBXBuildFile; fileRef = 2793C14B28F5F25600FC7D13 /* InterestBoardView.swift */; };
		2793C14E28F6670300FC7D13 /* InterestBoardCell.swift in Sources */ = {isa = PBXBuildFile; fileRef = 2793C14D28F6670300FC7D13 /* InterestBoardCell.swift */; };
		2793C15228F694C100FC7D13 /* ApiClient.swift in Sources */ = {isa = PBXBuildFile; fileRef = 2793C15128F694C100FC7D13 /* ApiClient.swift */; };
		2793C15528F6963D00FC7D13 /* BaseInterceptor.swift in Sources */ = {isa = PBXBuildFile; fileRef = 2793C15428F6963D00FC7D13 /* BaseInterceptor.swift */; };
		2793C15728F6986F00FC7D13 /* ApiLogger.swift in Sources */ = {isa = PBXBuildFile; fileRef = 2793C15628F6986F00FC7D13 /* ApiLogger.swift */; };
		2793C15928F69A8100FC7D13 /* AuthRouter.swift in Sources */ = {isa = PBXBuildFile; fileRef = 2793C15828F69A8100FC7D13 /* AuthRouter.swift */; };
		2793C15C28F6A2A000FC7D13 /* AuthApiService.swift in Sources */ = {isa = PBXBuildFile; fileRef = 2793C15B28F6A2A000FC7D13 /* AuthApiService.swift */; };
		27A977A328E208020076FF80 /* ToDoViewController.swift in Sources */ = {isa = PBXBuildFile; fileRef = 27A977A228E208020076FF80 /* ToDoViewController.swift */; };
		27A977AB28E331D70076FF80 /* TaskCell.swift in Sources */ = {isa = PBXBuildFile; fileRef = 27A977AA28E331D70076FF80 /* TaskCell.swift */; };
		27A977AD28E338EC0076FF80 /* TaskHeaderCell.swift in Sources */ = {isa = PBXBuildFile; fileRef = 27A977AC28E338EC0076FF80 /* TaskHeaderCell.swift */; };
		27A977AF28E33A530076FF80 /* HeaderView.swift in Sources */ = {isa = PBXBuildFile; fileRef = 27A977AE28E33A530076FF80 /* HeaderView.swift */; };
		27A977B128E34E130076FF80 /* Identifier.swift in Sources */ = {isa = PBXBuildFile; fileRef = 27A977B028E34E130076FF80 /* Identifier.swift */; };
		27A977B328E3501A0076FF80 /* Task.swift in Sources */ = {isa = PBXBuildFile; fileRef = 27A977B228E3501A0076FF80 /* Task.swift */; };
		27A977B528E363880076FF80 /* WeekView.swift in Sources */ = {isa = PBXBuildFile; fileRef = 27A977B428E363880076FF80 /* WeekView.swift */; };
		27A977B728E3689C0076FF80 /* TaskCollectionView.swift in Sources */ = {isa = PBXBuildFile; fileRef = 27A977B628E3689C0076FF80 /* TaskCollectionView.swift */; };
		27B471B628D0A9D900805F79 /* NotificationViewController.swift in Sources */ = {isa = PBXBuildFile; fileRef = 27B471B528D0A9D900805F79 /* NotificationViewController.swift */; };
		27B471B828D0ABAA00805F79 /* ItemViewController.swift in Sources */ = {isa = PBXBuildFile; fileRef = 27B471B728D0ABAA00805F79 /* ItemViewController.swift */; };
		27B471BA28D0ACC700805F79 /* NotificationCell.swift in Sources */ = {isa = PBXBuildFile; fileRef = 27B471B928D0ACC700805F79 /* NotificationCell.swift */; };
		27B471BD28D0ACF100805F79 /* Notification.swift in Sources */ = {isa = PBXBuildFile; fileRef = 27B471BC28D0ACF100805F79 /* Notification.swift */; };
		27B471C028D1968500805F79 /* GoogleService-Info.plist in Resources */ = {isa = PBXBuildFile; fileRef = 27B471BF28D1968500805F79 /* GoogleService-Info.plist */; };
		27B471C228D19ADA00805F79 /* EmailLoginViewController.swift in Sources */ = {isa = PBXBuildFile; fileRef = 27B471C128D19ADA00805F79 /* EmailLoginViewController.swift */; };
		27B471C528D19B2400805F79 /* UIColor+Extension.swift in Sources */ = {isa = PBXBuildFile; fileRef = 27B471C428D19B2400805F79 /* UIColor+Extension.swift */; };
		27B471C728D1AF1700805F79 /* RegisterViewController.swift in Sources */ = {isa = PBXBuildFile; fileRef = 27B471C628D1AF1700805F79 /* RegisterViewController.swift */; };
		27B471C928D1BAC300805F79 /* EmailSignUpViewController.swift in Sources */ = {isa = PBXBuildFile; fileRef = 27B471C828D1BAC300805F79 /* EmailSignUpViewController.swift */; };
		27B471CB28D2070700805F79 /* TextFieldView.swift in Sources */ = {isa = PBXBuildFile; fileRef = 27B471CA28D2070700805F79 /* TextFieldView.swift */; };
		27B471CF28D20DAF00805F79 /* ButtonConfig.swift in Sources */ = {isa = PBXBuildFile; fileRef = 27B471CE28D20DAF00805F79 /* ButtonConfig.swift */; };
		27B471D328D22E6900805F79 /* Constant.swift in Sources */ = {isa = PBXBuildFile; fileRef = 27B471D228D22E6900805F79 /* Constant.swift */; };
		27B471D528D236D900805F79 /* AuthCredentials.swift in Sources */ = {isa = PBXBuildFile; fileRef = 27B471D428D236D900805F79 /* AuthCredentials.swift */; };
		27B471D828D2CA2700805F79 /* AuthService.swift in Sources */ = {isa = PBXBuildFile; fileRef = 27B471D728D2CA2700805F79 /* AuthService.swift */; };
		27C2DFAA28F6A78E009356E5 /* UserInfo.swift in Sources */ = {isa = PBXBuildFile; fileRef = 27C2DFA928F6A78E009356E5 /* UserInfo.swift */; };
		27C2DFAC28F6A927009356E5 /* AuthResponse.swift in Sources */ = {isa = PBXBuildFile; fileRef = 27C2DFAB28F6A927009356E5 /* AuthResponse.swift */; };
		27C2DFAE28F6B540009356E5 /* UserViewModel.swift in Sources */ = {isa = PBXBuildFile; fileRef = 27C2DFAD28F6B540009356E5 /* UserViewModel.swift */; };
		BBDC9DA579FF34EB084959EE /* Pods_HongikTimer.framework in Frameworks */ = {isa = PBXBuildFile; fileRef = 7E53A09D2737E6978520E32E /* Pods_HongikTimer.framework */; };
		C6FE9DF36F062C13AC44CB3F /* Pods_HongikTimerTests.framework in Frameworks */ = {isa = PBXBuildFile; fileRef = F76E547649D65B5F515B8DE4 /* Pods_HongikTimerTests.framework */; };
		ED0507F0290FFE190016455B /* ServiceProvider.swift in Sources */ = {isa = PBXBuildFile; fileRef = ED0507EF290FFE190016455B /* ServiceProvider.swift */; };
		ED0507F4291002F10016455B /* RegisterViewReactor.swift in Sources */ = {isa = PBXBuildFile; fileRef = ED0507F3291002F10016455B /* RegisterViewReactor.swift */; };
		ED0507F6291003560016455B /* BaseViewController.swift in Sources */ = {isa = PBXBuildFile; fileRef = ED0507F5291003560016455B /* BaseViewController.swift */; };
		ED13F2F5290E46CA00883D19 /* SettingViewController.swift in Sources */ = {isa = PBXBuildFile; fileRef = ED13F2F4290E46CA00883D19 /* SettingViewController.swift */; };
		FAE335FC088F6FD303C9209E /* Pods_HongikTimer_HongikTimerUITests.framework in Frameworks */ = {isa = PBXBuildFile; fileRef = B527A7CFE09CB372827D5BC7 /* Pods_HongikTimer_HongikTimerUITests.framework */; };
/* End PBXBuildFile section */

/* Begin PBXContainerItemProxy section */
		2750A41828D02BEB000EE24D /* PBXContainerItemProxy */ = {
			isa = PBXContainerItemProxy;
			containerPortal = 2750A3F928D02BE9000EE24D /* Project object */;
			proxyType = 1;
			remoteGlobalIDString = 2750A40028D02BE9000EE24D;
			remoteInfo = HongikTimer;
		};
		2750A42228D02BEB000EE24D /* PBXContainerItemProxy */ = {
			isa = PBXContainerItemProxy;
			containerPortal = 2750A3F928D02BE9000EE24D /* Project object */;
			proxyType = 1;
			remoteGlobalIDString = 2750A40028D02BE9000EE24D;
			remoteInfo = HongikTimer;
		};
/* End PBXContainerItemProxy section */

/* Begin PBXFileReference section */
		0BC366D269652CAB663F933B /* Pods-HongikTimer-HongikTimerUITests.debug.xcconfig */ = {isa = PBXFileReference; includeInIndex = 1; lastKnownFileType = text.xcconfig; name = "Pods-HongikTimer-HongikTimerUITests.debug.xcconfig"; path = "Target Support Files/Pods-HongikTimer-HongikTimerUITests/Pods-HongikTimer-HongikTimerUITests.debug.xcconfig"; sourceTree = "<group>"; };
		273E134E28F1D9A700877965 /* TaskListViewModel.swift */ = {isa = PBXFileReference; lastKnownFileType = sourcecode.swift; path = TaskListViewModel.swift; sourceTree = "<group>"; };
		2750A40128D02BE9000EE24D /* HongikTimer.app */ = {isa = PBXFileReference; explicitFileType = wrapper.application; includeInIndex = 0; path = HongikTimer.app; sourceTree = BUILT_PRODUCTS_DIR; };
		2750A40428D02BE9000EE24D /* AppDelegate.swift */ = {isa = PBXFileReference; lastKnownFileType = sourcecode.swift; path = AppDelegate.swift; sourceTree = "<group>"; };
		2750A40628D02BE9000EE24D /* SceneDelegate.swift */ = {isa = PBXFileReference; lastKnownFileType = sourcecode.swift; path = SceneDelegate.swift; sourceTree = "<group>"; };
		2750A40828D02BE9000EE24D /* TabBarViewController.swift */ = {isa = PBXFileReference; lastKnownFileType = sourcecode.swift; path = TabBarViewController.swift; sourceTree = "<group>"; };
		2750A40D28D02BEB000EE24D /* Assets.xcassets */ = {isa = PBXFileReference; lastKnownFileType = folder.assetcatalog; path = Assets.xcassets; sourceTree = "<group>"; };
		2750A41028D02BEB000EE24D /* Base */ = {isa = PBXFileReference; lastKnownFileType = file.storyboard; name = Base; path = Base.lproj/LaunchScreen.storyboard; sourceTree = "<group>"; };
		2750A41228D02BEB000EE24D /* Info.plist */ = {isa = PBXFileReference; lastKnownFileType = text.plist.xml; path = Info.plist; sourceTree = "<group>"; };
		2750A41728D02BEB000EE24D /* HongikTimerTests.xctest */ = {isa = PBXFileReference; explicitFileType = wrapper.cfbundle; includeInIndex = 0; path = HongikTimerTests.xctest; sourceTree = BUILT_PRODUCTS_DIR; };
		2750A41B28D02BEB000EE24D /* HongikTimerTests.swift */ = {isa = PBXFileReference; lastKnownFileType = sourcecode.swift; path = HongikTimerTests.swift; sourceTree = "<group>"; };
		2750A42128D02BEB000EE24D /* HongikTimerUITests.xctest */ = {isa = PBXFileReference; explicitFileType = wrapper.cfbundle; includeInIndex = 0; path = HongikTimerUITests.xctest; sourceTree = BUILT_PRODUCTS_DIR; };
		2750A42528D02BEB000EE24D /* HongikTimerUITests.swift */ = {isa = PBXFileReference; lastKnownFileType = sourcecode.swift; path = HongikTimerUITests.swift; sourceTree = "<group>"; };
		2750A42728D02BEB000EE24D /* HongikTimerUITestsLaunchTests.swift */ = {isa = PBXFileReference; lastKnownFileType = sourcecode.swift; path = HongikTimerUITestsLaunchTests.swift; sourceTree = "<group>"; };
		2750A44C28D032A2000EE24D /* .swiftlint.yml */ = {isa = PBXFileReference; lastKnownFileType = text.yaml; path = .swiftlint.yml; sourceTree = "<group>"; };
		2750A44E28D0340F000EE24D /* TabBarViewModel.swift */ = {isa = PBXFileReference; lastKnownFileType = sourcecode.swift; path = TabBarViewModel.swift; sourceTree = "<group>"; };
		2750A45128D0386A000EE24D /* HomeViewController.swift */ = {isa = PBXFileReference; lastKnownFileType = sourcecode.swift; path = HomeViewController.swift; sourceTree = "<group>"; };
		2750A45328D04C95000EE24D /* PurposeView.swift */ = {isa = PBXFileReference; lastKnownFileType = sourcecode.swift; path = PurposeView.swift; sourceTree = "<group>"; };
		2750A45528D051D3000EE24D /* SetPurposeViewController.swift */ = {isa = PBXFileReference; lastKnownFileType = sourcecode.swift; path = SetPurposeViewController.swift; sourceTree = "<group>"; };
		2755964828D5CE4500E103F6 /* KakaoAuthService.swift */ = {isa = PBXFileReference; lastKnownFileType = sourcecode.swift; path = KakaoAuthService.swift; sourceTree = "<group>"; };
		27615A8228D450B80099DB00 /* SeparatorView.swift */ = {isa = PBXFileReference; lastKnownFileType = sourcecode.swift; path = SeparatorView.swift; sourceTree = "<group>"; };
		27615A8428D4B86A0099DB00 /* AppleAuthService.swift */ = {isa = PBXFileReference; lastKnownFileType = sourcecode.swift; path = AppleAuthService.swift; sourceTree = "<group>"; };
		27615A8628D4D9E80099DB00 /* GoogleAuthService.swift */ = {isa = PBXFileReference; lastKnownFileType = sourcecode.swift; path = GoogleAuthService.swift; sourceTree = "<group>"; };
		27615A8828D4DB7D0099DB00 /* AuthNotificationService.swift */ = {isa = PBXFileReference; lastKnownFileType = sourcecode.swift; path = AuthNotificationService.swift; sourceTree = "<group>"; };
		27615AA128D4EB5D0099DB00 /* Config.xcconfig */ = {isa = PBXFileReference; lastKnownFileType = text.xcconfig; path = Config.xcconfig; sourceTree = "<group>"; };
		278DE6B628D6240000E38A1F /* NaverAuthService.swift */ = {isa = PBXFileReference; lastKnownFileType = sourcecode.swift; path = NaverAuthService.swift; sourceTree = "<group>"; };
		278DE6B828D71A1200E38A1F /* SettingCellModel.swift */ = {isa = PBXFileReference; lastKnownFileType = sourcecode.swift; path = SettingCellModel.swift; sourceTree = "<group>"; };
		278DE6BA28D766D600E38A1F /* DatabaseManager.swift */ = {isa = PBXFileReference; lastKnownFileType = sourcecode.swift; path = DatabaseManager.swift; sourceTree = "<group>"; };
		2793C11D28F47AF400FC7D13 /* User.swift */ = {isa = PBXFileReference; lastKnownFileType = sourcecode.swift; path = User.swift; sourceTree = "<group>"; };
		2793C11F28F4801600FC7D13 /* UserDefaultService.swift */ = {isa = PBXFileReference; lastKnownFileType = sourcecode.swift; path = UserDefaultService.swift; sourceTree = "<group>"; };
		2793C12328F499DC00FC7D13 /* TaskEditPresentaionController.swift */ = {isa = PBXFileReference; lastKnownFileType = sourcecode.swift; path = TaskEditPresentaionController.swift; sourceTree = "<group>"; };
		2793C12528F49F9100FC7D13 /* UIView+Extension.swift */ = {isa = PBXFileReference; lastKnownFileType = sourcecode.swift; path = "UIView+Extension.swift"; sourceTree = "<group>"; };
		2793C12728F4A2B000FC7D13 /* TaskEditViewController.swift */ = {isa = PBXFileReference; lastKnownFileType = sourcecode.swift; path = TaskEditViewController.swift; sourceTree = "<group>"; };
		2793C12A28F52F4300FC7D13 /* UIButton+Extension.swift */ = {isa = PBXFileReference; lastKnownFileType = sourcecode.swift; path = "UIButton+Extension.swift"; sourceTree = "<group>"; };
		2793C12C28F535C500FC7D13 /* TodoNotificationService.swift */ = {isa = PBXFileReference; lastKnownFileType = sourcecode.swift; path = TodoNotificationService.swift; sourceTree = "<group>"; };
		2793C12F28F58DB300FC7D13 /* NotTimerViewController.swift */ = {isa = PBXFileReference; lastKnownFileType = sourcecode.swift; path = NotTimerViewController.swift; sourceTree = "<group>"; };
		2793C13A28F5969E00FC7D13 /* TimerAnimation.json */ = {isa = PBXFileReference; fileEncoding = 4; lastKnownFileType = text.json; path = TimerAnimation.json; sourceTree = "<group>"; };
		2793C13F28F5C1BF00FC7D13 /* BoardViewController.swift */ = {isa = PBXFileReference; lastKnownFileType = sourcecode.swift; path = BoardViewController.swift; sourceTree = "<group>"; };
		2793C14128F5D08C00FC7D13 /* TodoSettingViewController.swift */ = {isa = PBXFileReference; lastKnownFileType = sourcecode.swift; path = TodoSettingViewController.swift; sourceTree = "<group>"; };
		2793C14328F5D52300FC7D13 /* PopularBoardView.swift */ = {isa = PBXFileReference; lastKnownFileType = sourcecode.swift; path = PopularBoardView.swift; sourceTree = "<group>"; };
		2793C14528F5D7EA00FC7D13 /* PopularBoardCell.swift */ = {isa = PBXFileReference; lastKnownFileType = sourcecode.swift; path = PopularBoardCell.swift; sourceTree = "<group>"; };
		2793C14B28F5F25600FC7D13 /* InterestBoardView.swift */ = {isa = PBXFileReference; lastKnownFileType = sourcecode.swift; path = InterestBoardView.swift; sourceTree = "<group>"; };
		2793C14D28F6670300FC7D13 /* InterestBoardCell.swift */ = {isa = PBXFileReference; lastKnownFileType = sourcecode.swift; path = InterestBoardCell.swift; sourceTree = "<group>"; };
		2793C15128F694C100FC7D13 /* ApiClient.swift */ = {isa = PBXFileReference; lastKnownFileType = sourcecode.swift; path = ApiClient.swift; sourceTree = "<group>"; };
		2793C15428F6963D00FC7D13 /* BaseInterceptor.swift */ = {isa = PBXFileReference; lastKnownFileType = sourcecode.swift; path = BaseInterceptor.swift; sourceTree = "<group>"; };
		2793C15628F6986F00FC7D13 /* ApiLogger.swift */ = {isa = PBXFileReference; lastKnownFileType = sourcecode.swift; path = ApiLogger.swift; sourceTree = "<group>"; };
		2793C15828F69A8100FC7D13 /* AuthRouter.swift */ = {isa = PBXFileReference; lastKnownFileType = sourcecode.swift; path = AuthRouter.swift; sourceTree = "<group>"; };
		2793C15B28F6A2A000FC7D13 /* AuthApiService.swift */ = {isa = PBXFileReference; lastKnownFileType = sourcecode.swift; path = AuthApiService.swift; sourceTree = "<group>"; };
		27A977A228E208020076FF80 /* ToDoViewController.swift */ = {isa = PBXFileReference; lastKnownFileType = sourcecode.swift; path = ToDoViewController.swift; sourceTree = "<group>"; };
		27A977AA28E331D70076FF80 /* TaskCell.swift */ = {isa = PBXFileReference; lastKnownFileType = sourcecode.swift; path = TaskCell.swift; sourceTree = "<group>"; };
		27A977AC28E338EC0076FF80 /* TaskHeaderCell.swift */ = {isa = PBXFileReference; lastKnownFileType = sourcecode.swift; path = TaskHeaderCell.swift; sourceTree = "<group>"; };
		27A977AE28E33A530076FF80 /* HeaderView.swift */ = {isa = PBXFileReference; lastKnownFileType = sourcecode.swift; path = HeaderView.swift; sourceTree = "<group>"; };
		27A977B028E34E130076FF80 /* Identifier.swift */ = {isa = PBXFileReference; lastKnownFileType = sourcecode.swift; path = Identifier.swift; sourceTree = "<group>"; };
		27A977B228E3501A0076FF80 /* Task.swift */ = {isa = PBXFileReference; lastKnownFileType = sourcecode.swift; path = Task.swift; sourceTree = "<group>"; };
		27A977B428E363880076FF80 /* WeekView.swift */ = {isa = PBXFileReference; lastKnownFileType = sourcecode.swift; path = WeekView.swift; sourceTree = "<group>"; };
		27A977B628E3689C0076FF80 /* TaskCollectionView.swift */ = {isa = PBXFileReference; lastKnownFileType = sourcecode.swift; path = TaskCollectionView.swift; sourceTree = "<group>"; };
		27B471B528D0A9D900805F79 /* NotificationViewController.swift */ = {isa = PBXFileReference; lastKnownFileType = sourcecode.swift; path = NotificationViewController.swift; sourceTree = "<group>"; };
		27B471B728D0ABAA00805F79 /* ItemViewController.swift */ = {isa = PBXFileReference; lastKnownFileType = sourcecode.swift; path = ItemViewController.swift; sourceTree = "<group>"; };
		27B471B928D0ACC700805F79 /* NotificationCell.swift */ = {isa = PBXFileReference; lastKnownFileType = sourcecode.swift; path = NotificationCell.swift; sourceTree = "<group>"; };
		27B471BC28D0ACF100805F79 /* Notification.swift */ = {isa = PBXFileReference; lastKnownFileType = sourcecode.swift; path = Notification.swift; sourceTree = "<group>"; };
		27B471BF28D1968500805F79 /* GoogleService-Info.plist */ = {isa = PBXFileReference; fileEncoding = 4; lastKnownFileType = text.plist.xml; path = "GoogleService-Info.plist"; sourceTree = "<group>"; };
		27B471C128D19ADA00805F79 /* EmailLoginViewController.swift */ = {isa = PBXFileReference; lastKnownFileType = sourcecode.swift; path = EmailLoginViewController.swift; sourceTree = "<group>"; };
		27B471C428D19B2400805F79 /* UIColor+Extension.swift */ = {isa = PBXFileReference; lastKnownFileType = sourcecode.swift; path = "UIColor+Extension.swift"; sourceTree = "<group>"; };
		27B471C628D1AF1700805F79 /* RegisterViewController.swift */ = {isa = PBXFileReference; lastKnownFileType = sourcecode.swift; path = RegisterViewController.swift; sourceTree = "<group>"; };
		27B471C828D1BAC300805F79 /* EmailSignUpViewController.swift */ = {isa = PBXFileReference; lastKnownFileType = sourcecode.swift; path = EmailSignUpViewController.swift; sourceTree = "<group>"; };
		27B471CA28D2070700805F79 /* TextFieldView.swift */ = {isa = PBXFileReference; lastKnownFileType = sourcecode.swift; path = TextFieldView.swift; sourceTree = "<group>"; };
		27B471CE28D20DAF00805F79 /* ButtonConfig.swift */ = {isa = PBXFileReference; lastKnownFileType = sourcecode.swift; path = ButtonConfig.swift; sourceTree = "<group>"; };
		27B471D228D22E6900805F79 /* Constant.swift */ = {isa = PBXFileReference; lastKnownFileType = sourcecode.swift; path = Constant.swift; sourceTree = "<group>"; };
		27B471D428D236D900805F79 /* AuthCredentials.swift */ = {isa = PBXFileReference; lastKnownFileType = sourcecode.swift; path = AuthCredentials.swift; sourceTree = "<group>"; };
		27B471D728D2CA2700805F79 /* AuthService.swift */ = {isa = PBXFileReference; lastKnownFileType = sourcecode.swift; path = AuthService.swift; sourceTree = "<group>"; };
		27B471D928D2DF4A00805F79 /* HongikTimer.entitlements */ = {isa = PBXFileReference; lastKnownFileType = text.plist.entitlements; path = HongikTimer.entitlements; sourceTree = "<group>"; };
		27C2DFA928F6A78E009356E5 /* UserInfo.swift */ = {isa = PBXFileReference; lastKnownFileType = sourcecode.swift; path = UserInfo.swift; sourceTree = "<group>"; };
		27C2DFAB28F6A927009356E5 /* AuthResponse.swift */ = {isa = PBXFileReference; lastKnownFileType = sourcecode.swift; path = AuthResponse.swift; sourceTree = "<group>"; };
		27C2DFAD28F6B540009356E5 /* UserViewModel.swift */ = {isa = PBXFileReference; lastKnownFileType = sourcecode.swift; path = UserViewModel.swift; sourceTree = "<group>"; };
		57C6F192BD0CB9B8275D4676 /* Pods-HongikTimerTests.release.xcconfig */ = {isa = PBXFileReference; includeInIndex = 1; lastKnownFileType = text.xcconfig; name = "Pods-HongikTimerTests.release.xcconfig"; path = "Target Support Files/Pods-HongikTimerTests/Pods-HongikTimerTests.release.xcconfig"; sourceTree = "<group>"; };
		58038C9761BB30679E5DE303 /* Pods-HongikTimerTests.debug.xcconfig */ = {isa = PBXFileReference; includeInIndex = 1; lastKnownFileType = text.xcconfig; name = "Pods-HongikTimerTests.debug.xcconfig"; path = "Target Support Files/Pods-HongikTimerTests/Pods-HongikTimerTests.debug.xcconfig"; sourceTree = "<group>"; };
		583263E1154E6955416586F3 /* Pods-HongikTimer.release.xcconfig */ = {isa = PBXFileReference; includeInIndex = 1; lastKnownFileType = text.xcconfig; name = "Pods-HongikTimer.release.xcconfig"; path = "Target Support Files/Pods-HongikTimer/Pods-HongikTimer.release.xcconfig"; sourceTree = "<group>"; };
		7E53A09D2737E6978520E32E /* Pods_HongikTimer.framework */ = {isa = PBXFileReference; explicitFileType = wrapper.framework; includeInIndex = 0; path = Pods_HongikTimer.framework; sourceTree = BUILT_PRODUCTS_DIR; };
		A17F95CB44DA866D16431521 /* Pods-HongikTimer-HongikTimerUITests.release.xcconfig */ = {isa = PBXFileReference; includeInIndex = 1; lastKnownFileType = text.xcconfig; name = "Pods-HongikTimer-HongikTimerUITests.release.xcconfig"; path = "Target Support Files/Pods-HongikTimer-HongikTimerUITests/Pods-HongikTimer-HongikTimerUITests.release.xcconfig"; sourceTree = "<group>"; };
		B527A7CFE09CB372827D5BC7 /* Pods_HongikTimer_HongikTimerUITests.framework */ = {isa = PBXFileReference; explicitFileType = wrapper.framework; includeInIndex = 0; path = Pods_HongikTimer_HongikTimerUITests.framework; sourceTree = BUILT_PRODUCTS_DIR; };
		EA1F5AB474B727D1BE4675FD /* Pods-HongikTimer.debug.xcconfig */ = {isa = PBXFileReference; includeInIndex = 1; lastKnownFileType = text.xcconfig; name = "Pods-HongikTimer.debug.xcconfig"; path = "Target Support Files/Pods-HongikTimer/Pods-HongikTimer.debug.xcconfig"; sourceTree = "<group>"; };
		ED0507EF290FFE190016455B /* ServiceProvider.swift */ = {isa = PBXFileReference; lastKnownFileType = sourcecode.swift; path = ServiceProvider.swift; sourceTree = "<group>"; };
		ED0507F3291002F10016455B /* RegisterViewReactor.swift */ = {isa = PBXFileReference; lastKnownFileType = sourcecode.swift; path = RegisterViewReactor.swift; sourceTree = "<group>"; };
		ED0507F5291003560016455B /* BaseViewController.swift */ = {isa = PBXFileReference; fileEncoding = 4; lastKnownFileType = sourcecode.swift; path = BaseViewController.swift; sourceTree = "<group>"; };
		ED13F2F4290E46CA00883D19 /* SettingViewController.swift */ = {isa = PBXFileReference; fileEncoding = 4; lastKnownFileType = sourcecode.swift; path = SettingViewController.swift; sourceTree = "<group>"; };
		F76E547649D65B5F515B8DE4 /* Pods_HongikTimerTests.framework */ = {isa = PBXFileReference; explicitFileType = wrapper.framework; includeInIndex = 0; path = Pods_HongikTimerTests.framework; sourceTree = BUILT_PRODUCTS_DIR; };
/* End PBXFileReference section */

/* Begin PBXFrameworksBuildPhase section */
		2750A3FE28D02BE9000EE24D /* Frameworks */ = {
			isa = PBXFrameworksBuildPhase;
			buildActionMask = 2147483647;
			files = (
				2793C13328F5901400FC7D13 /* Lottie in Frameworks */,
				2755965228D5D42100E103F6 /* Kingfisher in Frameworks */,
				2755964F28D5D40B00E103F6 /* SnapKit in Frameworks */,
				BBDC9DA579FF34EB084959EE /* Pods_HongikTimer.framework in Frameworks */,
				2755964C28D5D3F400E103F6 /* Then in Frameworks */,
			);
			runOnlyForDeploymentPostprocessing = 0;
		};
		2750A41428D02BEB000EE24D /* Frameworks */ = {
			isa = PBXFrameworksBuildPhase;
			buildActionMask = 2147483647;
			files = (
				C6FE9DF36F062C13AC44CB3F /* Pods_HongikTimerTests.framework in Frameworks */,
			);
			runOnlyForDeploymentPostprocessing = 0;
		};
		2750A41E28D02BEB000EE24D /* Frameworks */ = {
			isa = PBXFrameworksBuildPhase;
			buildActionMask = 2147483647;
			files = (
				FAE335FC088F6FD303C9209E /* Pods_HongikTimer_HongikTimerUITests.framework in Frameworks */,
			);
			runOnlyForDeploymentPostprocessing = 0;
		};
/* End PBXFrameworksBuildPhase section */

/* Begin PBXGroup section */
		2740F7D228D5AB5900284372 /* ViewModel */ = {
			isa = PBXGroup;
			children = (
				2750A44E28D0340F000EE24D /* TabBarViewModel.swift */,
				273E134E28F1D9A700877965 /* TaskListViewModel.swift */,
				27C2DFAD28F6B540009356E5 /* UserViewModel.swift */,
			);
			path = ViewModel;
			sourceTree = "<group>";
		};
		2750A3F828D02BE9000EE24D = {
			isa = PBXGroup;
			children = (
				2750A44C28D032A2000EE24D /* .swiftlint.yml */,
				2750A40328D02BE9000EE24D /* HongikTimer */,
				2750A41A28D02BEB000EE24D /* HongikTimerTests */,
				2750A42428D02BEB000EE24D /* HongikTimerUITests */,
				2750A40228D02BE9000EE24D /* Products */,
				DC59D37AD871089D6B979296 /* Pods */,
				F2C6CA726173AFA706F01625 /* Frameworks */,
			);
			sourceTree = "<group>";
		};
		2750A40228D02BE9000EE24D /* Products */ = {
			isa = PBXGroup;
			children = (
				2750A40128D02BE9000EE24D /* HongikTimer.app */,
				2750A41728D02BEB000EE24D /* HongikTimerTests.xctest */,
				2750A42128D02BEB000EE24D /* HongikTimerUITests.xctest */,
			);
			name = Products;
			sourceTree = "<group>";
		};
		2750A40328D02BE9000EE24D /* HongikTimer */ = {
			isa = PBXGroup;
			children = (
				27B471D928D2DF4A00805F79 /* HongikTimer.entitlements */,
				ED9C81CE290EB0B0002210B6 /* Sources */,
				2793C13928F5967B00FC7D13 /* Resources */,
				2750A41228D02BEB000EE24D /* Info.plist */,
				27B471BF28D1968500805F79 /* GoogleService-Info.plist */,
				27615AA128D4EB5D0099DB00 /* Config.xcconfig */,
			);
			path = HongikTimer;
			sourceTree = "<group>";
		};
		2750A41A28D02BEB000EE24D /* HongikTimerTests */ = {
			isa = PBXGroup;
			children = (
				2750A41B28D02BEB000EE24D /* HongikTimerTests.swift */,
			);
			path = HongikTimerTests;
			sourceTree = "<group>";
		};
		2750A42428D02BEB000EE24D /* HongikTimerUITests */ = {
			isa = PBXGroup;
			children = (
				2750A42528D02BEB000EE24D /* HongikTimerUITests.swift */,
				2750A42728D02BEB000EE24D /* HongikTimerUITestsLaunchTests.swift */,
			);
			path = HongikTimerUITests;
			sourceTree = "<group>";
		};
		2750A43428D02F89000EE24D /* Present */ = {
			isa = PBXGroup;
			children = (
				ED0507F5291003560016455B /* BaseViewController.swift */,
				27B471BE28D194B000805F79 /* Authentication */,
				2750A43528D030AD000EE24D /* TabBar */,
				2750A45028D0384D000EE24D /* Home */,
				27A977A128E2076A0076FF80 /* ToDo */,
				2793C12E28F58D9100FC7D13 /* Timer */,
				2793C13C28F5C17900FC7D13 /* Board */,
			);
			path = Present;
			sourceTree = "<group>";
		};
		2750A43528D030AD000EE24D /* TabBar */ = {
			isa = PBXGroup;
			children = (
				2750A40828D02BE9000EE24D /* TabBarViewController.swift */,
			);
			path = TabBar;
			sourceTree = "<group>";
		};
		2750A45028D0384D000EE24D /* Home */ = {
			isa = PBXGroup;
			children = (
				2750A45128D0386A000EE24D /* HomeViewController.swift */,
				27B471CD28D2082F00805F79 /* SubViews */,
				2750A45728D05586000EE24D /* SetPurpose */,
				27B471AF28D0A14E00805F79 /* Setting */,
				27B471B428D0A97200805F79 /* Alarm */,
				27B471B328D0A97200805F79 /* Item */,
			);
			path = Home;
			sourceTree = "<group>";
		};
		2750A45728D05586000EE24D /* SetPurpose */ = {
			isa = PBXGroup;
			children = (
				2750A45528D051D3000EE24D /* SetPurposeViewController.swift */,
			);
			path = SetPurpose;
			sourceTree = "<group>";
		};
		2793C12928F5233900FC7D13 /* TaskEditView */ = {
			isa = PBXGroup;
			children = (
				2793C12728F4A2B000FC7D13 /* TaskEditViewController.swift */,
				2793C12328F499DC00FC7D13 /* TaskEditPresentaionController.swift */,
			);
			path = TaskEditView;
			sourceTree = "<group>";
		};
		2793C12E28F58D9100FC7D13 /* Timer */ = {
			isa = PBXGroup;
			children = (
				2793C12F28F58DB300FC7D13 /* NotTimerViewController.swift */,
			);
			path = Timer;
			sourceTree = "<group>";
		};
		2793C13928F5967B00FC7D13 /* Resources */ = {
			isa = PBXGroup;
			children = (
				2750A40F28D02BEB000EE24D /* LaunchScreen.storyboard */,
				2793C13A28F5969E00FC7D13 /* TimerAnimation.json */,
				2750A40D28D02BEB000EE24D /* Assets.xcassets */,
			);
			path = Resources;
			sourceTree = "<group>";
		};
		2793C13C28F5C17900FC7D13 /* Board */ = {
			isa = PBXGroup;
			children = (
				2793C13F28F5C1BF00FC7D13 /* BoardViewController.swift */,
				2793C14928F5F1EB00FC7D13 /* popularBoardView */,
				2793C14A28F5F1FB00FC7D13 /* recentBoardView */,
			);
			path = Board;
			sourceTree = "<group>";
		};
		2793C14928F5F1EB00FC7D13 /* popularBoardView */ = {
			isa = PBXGroup;
			children = (
				2793C14328F5D52300FC7D13 /* PopularBoardView.swift */,
				2793C14528F5D7EA00FC7D13 /* PopularBoardCell.swift */,
			);
			path = popularBoardView;
			sourceTree = "<group>";
		};
		2793C14A28F5F1FB00FC7D13 /* recentBoardView */ = {
			isa = PBXGroup;
			children = (
				2793C14B28F5F25600FC7D13 /* InterestBoardView.swift */,
				2793C14D28F6670300FC7D13 /* InterestBoardCell.swift */,
			);
			path = recentBoardView;
			sourceTree = "<group>";
		};
		2793C14F28F694A100FC7D13 /* API */ = {
			isa = PBXGroup;
			children = (
				2793C15A28F6A28400FC7D13 /* Service */,
				2793C15328F6962600FC7D13 /* interceptor */,
				2793C15028F694AD00FC7D13 /* Router */,
				2793C15128F694C100FC7D13 /* ApiClient.swift */,
				2793C15628F6986F00FC7D13 /* ApiLogger.swift */,
			);
			path = API;
			sourceTree = "<group>";
		};
		2793C15028F694AD00FC7D13 /* Router */ = {
			isa = PBXGroup;
			children = (
				2793C15828F69A8100FC7D13 /* AuthRouter.swift */,
			);
			path = Router;
			sourceTree = "<group>";
		};
		2793C15328F6962600FC7D13 /* interceptor */ = {
			isa = PBXGroup;
			children = (
				2793C15428F6963D00FC7D13 /* BaseInterceptor.swift */,
			);
			path = interceptor;
			sourceTree = "<group>";
		};
		2793C15A28F6A28400FC7D13 /* Service */ = {
			isa = PBXGroup;
			children = (
				2793C15B28F6A2A000FC7D13 /* AuthApiService.swift */,
			);
			path = Service;
			sourceTree = "<group>";
		};
		27A977A128E2076A0076FF80 /* ToDo */ = {
			isa = PBXGroup;
			children = (
				27A977A228E208020076FF80 /* ToDoViewController.swift */,
				2793C14128F5D08C00FC7D13 /* TodoSettingViewController.swift */,
				27A977B928E368D30076FF80 /* SubViews */,
			);
			path = ToDo;
			sourceTree = "<group>";
		};
		27A977B928E368D30076FF80 /* SubViews */ = {
			isa = PBXGroup;
			children = (
				27A977BA28E368E50076FF80 /* WeekView */,
				27C3DF9728E369AA00B458CD /* TaskView */,
				2793C12928F5233900FC7D13 /* TaskEditView */,
			);
			path = SubViews;
			sourceTree = "<group>";
		};
		27A977BA28E368E50076FF80 /* WeekView */ = {
			isa = PBXGroup;
			children = (
				27A977B428E363880076FF80 /* WeekView.swift */,
			);
			path = WeekView;
			sourceTree = "<group>";
		};
		27B471AF28D0A14E00805F79 /* Setting */ = {
			isa = PBXGroup;
			children = (
				27B471B928D0ACC700805F79 /* NotificationCell.swift */,
				ED13F2F4290E46CA00883D19 /* SettingViewController.swift */,
			);
			path = Setting;
			sourceTree = "<group>";
		};
		27B471B328D0A97200805F79 /* Item */ = {
			isa = PBXGroup;
			children = (
				27B471B728D0ABAA00805F79 /* ItemViewController.swift */,
			);
			path = Item;
			sourceTree = "<group>";
		};
		27B471B428D0A97200805F79 /* Alarm */ = {
			isa = PBXGroup;
			children = (
				27B471B528D0A9D900805F79 /* NotificationViewController.swift */,
			);
			path = Alarm;
			sourceTree = "<group>";
		};
		27B471BB28D0ACDC00805F79 /* Model */ = {
			isa = PBXGroup;
			children = (
				27B471BC28D0ACF100805F79 /* Notification.swift */,
				27B471D428D236D900805F79 /* AuthCredentials.swift */,
				278DE6B828D71A1200E38A1F /* SettingCellModel.swift */,
				27A977B228E3501A0076FF80 /* Task.swift */,
				2793C11D28F47AF400FC7D13 /* User.swift */,
				27C2DFA928F6A78E009356E5 /* UserInfo.swift */,
				27C2DFAB28F6A927009356E5 /* AuthResponse.swift */,
			);
			path = Model;
			sourceTree = "<group>";
		};
		27B471BE28D194B000805F79 /* Authentication */ = {
			isa = PBXGroup;
			children = (
				27B471C628D1AF1700805F79 /* RegisterViewController.swift */,
				ED0507F3291002F10016455B /* RegisterViewReactor.swift */,
				27B471C828D1BAC300805F79 /* EmailSignUpViewController.swift */,
				27B471C128D19ADA00805F79 /* EmailLoginViewController.swift */,
				27B471CC28D2081900805F79 /* SubViews */,
			);
			path = Authentication;
			sourceTree = "<group>";
		};
		27B471C328D19B1800805F79 /* Extensions */ = {
			isa = PBXGroup;
			children = (
				27B471C428D19B2400805F79 /* UIColor+Extension.swift */,
				2793C12A28F52F4300FC7D13 /* UIButton+Extension.swift */,
				27B471CE28D20DAF00805F79 /* ButtonConfig.swift */,
				27B471D228D22E6900805F79 /* Constant.swift */,
				27A977B028E34E130076FF80 /* Identifier.swift */,
				2793C12528F49F9100FC7D13 /* UIView+Extension.swift */,
			);
			path = Extensions;
			sourceTree = "<group>";
		};
		27B471CC28D2081900805F79 /* SubViews */ = {
			isa = PBXGroup;
			children = (
				27B471CA28D2070700805F79 /* TextFieldView.swift */,
				27615A8228D450B80099DB00 /* SeparatorView.swift */,
			);
			path = SubViews;
			sourceTree = "<group>";
		};
		27B471CD28D2082F00805F79 /* SubViews */ = {
			isa = PBXGroup;
			children = (
				2750A45328D04C95000EE24D /* PurposeView.swift */,
			);
			path = SubViews;
			sourceTree = "<group>";
		};
		27B471D628D2C9F000805F79 /* Service */ = {
			isa = PBXGroup;
			children = (
				ED0507EF290FFE190016455B /* ServiceProvider.swift */,
				27B471D728D2CA2700805F79 /* AuthService.swift */,
				27615A8428D4B86A0099DB00 /* AppleAuthService.swift */,
				27615A8628D4D9E80099DB00 /* GoogleAuthService.swift */,
				2755964828D5CE4500E103F6 /* KakaoAuthService.swift */,
				278DE6B628D6240000E38A1F /* NaverAuthService.swift */,
				27615A8828D4DB7D0099DB00 /* AuthNotificationService.swift */,
				2793C12C28F535C500FC7D13 /* TodoNotificationService.swift */,
				2793C11F28F4801600FC7D13 /* UserDefaultService.swift */,
				278DE6BA28D766D600E38A1F /* DatabaseManager.swift */,
			);
			path = Service;
			sourceTree = "<group>";
		};
		27C3DF9728E369AA00B458CD /* TaskView */ = {
			isa = PBXGroup;
			children = (
				27A977B628E3689C0076FF80 /* TaskCollectionView.swift */,
				27A977AA28E331D70076FF80 /* TaskCell.swift */,
				27A977AC28E338EC0076FF80 /* TaskHeaderCell.swift */,
				27A977AE28E33A530076FF80 /* HeaderView.swift */,
			);
			path = TaskView;
			sourceTree = "<group>";
		};
		DC59D37AD871089D6B979296 /* Pods */ = {
			isa = PBXGroup;
			children = (
				EA1F5AB474B727D1BE4675FD /* Pods-HongikTimer.debug.xcconfig */,
				583263E1154E6955416586F3 /* Pods-HongikTimer.release.xcconfig */,
				0BC366D269652CAB663F933B /* Pods-HongikTimer-HongikTimerUITests.debug.xcconfig */,
				A17F95CB44DA866D16431521 /* Pods-HongikTimer-HongikTimerUITests.release.xcconfig */,
				58038C9761BB30679E5DE303 /* Pods-HongikTimerTests.debug.xcconfig */,
				57C6F192BD0CB9B8275D4676 /* Pods-HongikTimerTests.release.xcconfig */,
			);
			path = Pods;
			sourceTree = "<group>";
		};
		ED9C81CE290EB0B0002210B6 /* Sources */ = {
			isa = PBXGroup;
			children = (
				2750A40428D02BE9000EE24D /* AppDelegate.swift */,
				2750A40628D02BE9000EE24D /* SceneDelegate.swift */,
				2793C14F28F694A100FC7D13 /* API */,
				27B471C328D19B1800805F79 /* Extensions */,
				27B471D628D2C9F000805F79 /* Service */,
				27B471BB28D0ACDC00805F79 /* Model */,
				2740F7D228D5AB5900284372 /* ViewModel */,
				2750A43428D02F89000EE24D /* Present */,
			);
			path = Sources;
			sourceTree = "<group>";
		};
		F2C6CA726173AFA706F01625 /* Frameworks */ = {
			isa = PBXGroup;
			children = (
				7E53A09D2737E6978520E32E /* Pods_HongikTimer.framework */,
				B527A7CFE09CB372827D5BC7 /* Pods_HongikTimer_HongikTimerUITests.framework */,
				F76E547649D65B5F515B8DE4 /* Pods_HongikTimerTests.framework */,
			);
			name = Frameworks;
			sourceTree = "<group>";
		};
/* End PBXGroup section */

/* Begin PBXNativeTarget section */
		2750A40028D02BE9000EE24D /* HongikTimer */ = {
			isa = PBXNativeTarget;
			buildConfigurationList = 2750A42B28D02BEB000EE24D /* Build configuration list for PBXNativeTarget "HongikTimer" */;
			buildPhases = (
				94542DB5EAC0A9C1E6A1D76C /* [CP] Check Pods Manifest.lock */,
				2750A3FD28D02BE9000EE24D /* Sources */,
				2750A3FE28D02BE9000EE24D /* Frameworks */,
				2750A3FF28D02BE9000EE24D /* Resources */,
				2750A44B28D03265000EE24D /* Swift Lint */,
				F3BA941283028D3AA9064F00 /* [CP] Embed Pods Frameworks */,
			);
			buildRules = (
			);
			dependencies = (
			);
			name = HongikTimer;
			packageProductDependencies = (
				2755964B28D5D3F400E103F6 /* Then */,
				2755964E28D5D40B00E103F6 /* SnapKit */,
				2755965128D5D42100E103F6 /* Kingfisher */,
				2793C13228F5901400FC7D13 /* Lottie */,
			);
			productName = HongikTimer;
			productReference = 2750A40128D02BE9000EE24D /* HongikTimer.app */;
			productType = "com.apple.product-type.application";
		};
		2750A41628D02BEB000EE24D /* HongikTimerTests */ = {
			isa = PBXNativeTarget;
			buildConfigurationList = 2750A42E28D02BEB000EE24D /* Build configuration list for PBXNativeTarget "HongikTimerTests" */;
			buildPhases = (
				004CB886E2D21F8EAF7393A5 /* [CP] Check Pods Manifest.lock */,
				2750A41328D02BEB000EE24D /* Sources */,
				2750A41428D02BEB000EE24D /* Frameworks */,
				2750A41528D02BEB000EE24D /* Resources */,
			);
			buildRules = (
			);
			dependencies = (
				2750A41928D02BEB000EE24D /* PBXTargetDependency */,
			);
			name = HongikTimerTests;
			productName = HongikTimerTests;
			productReference = 2750A41728D02BEB000EE24D /* HongikTimerTests.xctest */;
			productType = "com.apple.product-type.bundle.unit-test";
		};
		2750A42028D02BEB000EE24D /* HongikTimerUITests */ = {
			isa = PBXNativeTarget;
			buildConfigurationList = 2750A43128D02BEB000EE24D /* Build configuration list for PBXNativeTarget "HongikTimerUITests" */;
			buildPhases = (
				AF97AC601AB3A1AAB01E8928 /* [CP] Check Pods Manifest.lock */,
				2750A41D28D02BEB000EE24D /* Sources */,
				2750A41E28D02BEB000EE24D /* Frameworks */,
				2750A41F28D02BEB000EE24D /* Resources */,
				7A7442AC16A0D28AE6B91515 /* [CP] Embed Pods Frameworks */,
			);
			buildRules = (
			);
			dependencies = (
				2750A42328D02BEB000EE24D /* PBXTargetDependency */,
			);
			name = HongikTimerUITests;
			productName = HongikTimerUITests;
			productReference = 2750A42128D02BEB000EE24D /* HongikTimerUITests.xctest */;
			productType = "com.apple.product-type.bundle.ui-testing";
		};
/* End PBXNativeTarget section */

/* Begin PBXProject section */
		2750A3F928D02BE9000EE24D /* Project object */ = {
			isa = PBXProject;
			attributes = {
				BuildIndependentTargetsInParallel = 1;
				LastSwiftUpdateCheck = 1340;
				LastUpgradeCheck = 1340;
				TargetAttributes = {
					2750A40028D02BE9000EE24D = {
						CreatedOnToolsVersion = 13.4.1;
					};
					2750A41628D02BEB000EE24D = {
						CreatedOnToolsVersion = 13.4.1;
						TestTargetID = 2750A40028D02BE9000EE24D;
					};
					2750A42028D02BEB000EE24D = {
						CreatedOnToolsVersion = 13.4.1;
						TestTargetID = 2750A40028D02BE9000EE24D;
					};
				};
			};
			buildConfigurationList = 2750A3FC28D02BE9000EE24D /* Build configuration list for PBXProject "HongikTimer" */;
			compatibilityVersion = "Xcode 13.0";
			developmentRegion = en;
			hasScannedForEncodings = 0;
			knownRegions = (
				en,
				Base,
			);
			mainGroup = 2750A3F828D02BE9000EE24D;
			packageReferences = (
				2755964A28D5D3F400E103F6 /* XCRemoteSwiftPackageReference "Then" */,
				2755964D28D5D40B00E103F6 /* XCRemoteSwiftPackageReference "SnapKit" */,
				2755965028D5D42100E103F6 /* XCRemoteSwiftPackageReference "Kingfisher" */,
				2793C13128F5901400FC7D13 /* XCRemoteSwiftPackageReference "lottie-ios" */,
			);
			productRefGroup = 2750A40228D02BE9000EE24D /* Products */;
			projectDirPath = "";
			projectRoot = "";
			targets = (
				2750A40028D02BE9000EE24D /* HongikTimer */,
				2750A41628D02BEB000EE24D /* HongikTimerTests */,
				2750A42028D02BEB000EE24D /* HongikTimerUITests */,
			);
		};
/* End PBXProject section */

/* Begin PBXResourcesBuildPhase section */
		2750A3FF28D02BE9000EE24D /* Resources */ = {
			isa = PBXResourcesBuildPhase;
			buildActionMask = 2147483647;
			files = (
				2750A44D28D032A2000EE24D /* .swiftlint.yml in Resources */,
				2750A41128D02BEB000EE24D /* LaunchScreen.storyboard in Resources */,
				2750A40E28D02BEB000EE24D /* Assets.xcassets in Resources */,
				27B471C028D1968500805F79 /* GoogleService-Info.plist in Resources */,
				2793C13B28F5969E00FC7D13 /* TimerAnimation.json in Resources */,
			);
			runOnlyForDeploymentPostprocessing = 0;
		};
		2750A41528D02BEB000EE24D /* Resources */ = {
			isa = PBXResourcesBuildPhase;
			buildActionMask = 2147483647;
			files = (
			);
			runOnlyForDeploymentPostprocessing = 0;
		};
		2750A41F28D02BEB000EE24D /* Resources */ = {
			isa = PBXResourcesBuildPhase;
			buildActionMask = 2147483647;
			files = (
			);
			runOnlyForDeploymentPostprocessing = 0;
		};
/* End PBXResourcesBuildPhase section */

/* Begin PBXShellScriptBuildPhase section */
		004CB886E2D21F8EAF7393A5 /* [CP] Check Pods Manifest.lock */ = {
			isa = PBXShellScriptBuildPhase;
			buildActionMask = 2147483647;
			files = (
			);
			inputFileListPaths = (
			);
			inputPaths = (
				"${PODS_PODFILE_DIR_PATH}/Podfile.lock",
				"${PODS_ROOT}/Manifest.lock",
			);
			name = "[CP] Check Pods Manifest.lock";
			outputFileListPaths = (
			);
			outputPaths = (
				"$(DERIVED_FILE_DIR)/Pods-HongikTimerTests-checkManifestLockResult.txt",
			);
			runOnlyForDeploymentPostprocessing = 0;
			shellPath = /bin/sh;
			shellScript = "diff \"${PODS_PODFILE_DIR_PATH}/Podfile.lock\" \"${PODS_ROOT}/Manifest.lock\" > /dev/null\nif [ $? != 0 ] ; then\n    # print error to STDERR\n    echo \"error: The sandbox is not in sync with the Podfile.lock. Run 'pod install' or update your CocoaPods installation.\" >&2\n    exit 1\nfi\n# This output is used by Xcode 'outputs' to avoid re-running this script phase.\necho \"SUCCESS\" > \"${SCRIPT_OUTPUT_FILE_0}\"\n";
			showEnvVarsInLog = 0;
		};
		2750A44B28D03265000EE24D /* Swift Lint */ = {
			isa = PBXShellScriptBuildPhase;
			buildActionMask = 2147483647;
			files = (
			);
			inputFileListPaths = (
			);
			inputPaths = (
			);
			name = "Swift Lint";
			outputFileListPaths = (
			);
			outputPaths = (
			);
			runOnlyForDeploymentPostprocessing = 0;
			shellPath = /bin/sh;
			shellScript = "${PODS_ROOT}/SwiftLint/swiftlint\n";
		};
		7A7442AC16A0D28AE6B91515 /* [CP] Embed Pods Frameworks */ = {
			isa = PBXShellScriptBuildPhase;
			buildActionMask = 2147483647;
			files = (
			);
			inputFileListPaths = (
				"${PODS_ROOT}/Target Support Files/Pods-HongikTimer-HongikTimerUITests/Pods-HongikTimer-HongikTimerUITests-frameworks-${CONFIGURATION}-input-files.xcfilelist",
			);
			name = "[CP] Embed Pods Frameworks";
			outputFileListPaths = (
				"${PODS_ROOT}/Target Support Files/Pods-HongikTimer-HongikTimerUITests/Pods-HongikTimer-HongikTimerUITests-frameworks-${CONFIGURATION}-output-files.xcfilelist",
			);
			runOnlyForDeploymentPostprocessing = 0;
			shellPath = /bin/sh;
			shellScript = "\"${PODS_ROOT}/Target Support Files/Pods-HongikTimer-HongikTimerUITests/Pods-HongikTimer-HongikTimerUITests-frameworks.sh\"\n";
			showEnvVarsInLog = 0;
		};
		94542DB5EAC0A9C1E6A1D76C /* [CP] Check Pods Manifest.lock */ = {
			isa = PBXShellScriptBuildPhase;
			buildActionMask = 2147483647;
			files = (
			);
			inputFileListPaths = (
			);
			inputPaths = (
				"${PODS_PODFILE_DIR_PATH}/Podfile.lock",
				"${PODS_ROOT}/Manifest.lock",
			);
			name = "[CP] Check Pods Manifest.lock";
			outputFileListPaths = (
			);
			outputPaths = (
				"$(DERIVED_FILE_DIR)/Pods-HongikTimer-checkManifestLockResult.txt",
			);
			runOnlyForDeploymentPostprocessing = 0;
			shellPath = /bin/sh;
			shellScript = "diff \"${PODS_PODFILE_DIR_PATH}/Podfile.lock\" \"${PODS_ROOT}/Manifest.lock\" > /dev/null\nif [ $? != 0 ] ; then\n    # print error to STDERR\n    echo \"error: The sandbox is not in sync with the Podfile.lock. Run 'pod install' or update your CocoaPods installation.\" >&2\n    exit 1\nfi\n# This output is used by Xcode 'outputs' to avoid re-running this script phase.\necho \"SUCCESS\" > \"${SCRIPT_OUTPUT_FILE_0}\"\n";
			showEnvVarsInLog = 0;
		};
		AF97AC601AB3A1AAB01E8928 /* [CP] Check Pods Manifest.lock */ = {
			isa = PBXShellScriptBuildPhase;
			buildActionMask = 2147483647;
			files = (
			);
			inputFileListPaths = (
			);
			inputPaths = (
				"${PODS_PODFILE_DIR_PATH}/Podfile.lock",
				"${PODS_ROOT}/Manifest.lock",
			);
			name = "[CP] Check Pods Manifest.lock";
			outputFileListPaths = (
			);
			outputPaths = (
				"$(DERIVED_FILE_DIR)/Pods-HongikTimer-HongikTimerUITests-checkManifestLockResult.txt",
			);
			runOnlyForDeploymentPostprocessing = 0;
			shellPath = /bin/sh;
			shellScript = "diff \"${PODS_PODFILE_DIR_PATH}/Podfile.lock\" \"${PODS_ROOT}/Manifest.lock\" > /dev/null\nif [ $? != 0 ] ; then\n    # print error to STDERR\n    echo \"error: The sandbox is not in sync with the Podfile.lock. Run 'pod install' or update your CocoaPods installation.\" >&2\n    exit 1\nfi\n# This output is used by Xcode 'outputs' to avoid re-running this script phase.\necho \"SUCCESS\" > \"${SCRIPT_OUTPUT_FILE_0}\"\n";
			showEnvVarsInLog = 0;
		};
		F3BA941283028D3AA9064F00 /* [CP] Embed Pods Frameworks */ = {
			isa = PBXShellScriptBuildPhase;
			buildActionMask = 2147483647;
			files = (
			);
			inputFileListPaths = (
				"${PODS_ROOT}/Target Support Files/Pods-HongikTimer/Pods-HongikTimer-frameworks-${CONFIGURATION}-input-files.xcfilelist",
			);
			name = "[CP] Embed Pods Frameworks";
			outputFileListPaths = (
				"${PODS_ROOT}/Target Support Files/Pods-HongikTimer/Pods-HongikTimer-frameworks-${CONFIGURATION}-output-files.xcfilelist",
			);
			runOnlyForDeploymentPostprocessing = 0;
			shellPath = /bin/sh;
			shellScript = "\"${PODS_ROOT}/Target Support Files/Pods-HongikTimer/Pods-HongikTimer-frameworks.sh\"\n";
			showEnvVarsInLog = 0;
		};
/* End PBXShellScriptBuildPhase section */

/* Begin PBXSourcesBuildPhase section */
		2750A3FD28D02BE9000EE24D /* Sources */ = {
			isa = PBXSourcesBuildPhase;
			buildActionMask = 2147483647;
			files = (
				2750A45628D051D3000EE24D /* SetPurposeViewController.swift in Sources */,
				ED13F2F5290E46CA00883D19 /* SettingViewController.swift in Sources */,
				27B471BA28D0ACC700805F79 /* NotificationCell.swift in Sources */,
				27615A8728D4D9E80099DB00 /* GoogleAuthService.swift in Sources */,
				2755964928D5CE4500E103F6 /* KakaoAuthService.swift in Sources */,
				ED0507F6291003560016455B /* BaseViewController.swift in Sources */,
				2750A45228D0386A000EE24D /* HomeViewController.swift in Sources */,
				27615A8328D450B80099DB00 /* SeparatorView.swift in Sources */,
				2750A40928D02BE9000EE24D /* TabBarViewController.swift in Sources */,
				27A977AF28E33A530076FF80 /* HeaderView.swift in Sources */,
				2793C12628F49F9100FC7D13 /* UIView+Extension.swift in Sources */,
				2793C15228F694C100FC7D13 /* ApiClient.swift in Sources */,
				2793C12828F4A2B000FC7D13 /* TaskEditViewController.swift in Sources */,
				278DE6BB28D766D600E38A1F /* DatabaseManager.swift in Sources */,
				ED0507F0290FFE190016455B /* ServiceProvider.swift in Sources */,
				27C2DFAE28F6B540009356E5 /* UserViewModel.swift in Sources */,
				2793C11E28F47AF400FC7D13 /* User.swift in Sources */,
				2793C15928F69A8100FC7D13 /* AuthRouter.swift in Sources */,
				27615A8528D4B86A0099DB00 /* AppleAuthService.swift in Sources */,
				2793C13028F58DB300FC7D13 /* NotTimerViewController.swift in Sources */,
				27A977A328E208020076FF80 /* ToDoViewController.swift in Sources */,
				27A977B328E3501A0076FF80 /* Task.swift in Sources */,
				27B471D828D2CA2700805F79 /* AuthService.swift in Sources */,
				2750A40528D02BE9000EE24D /* AppDelegate.swift in Sources */,
				2793C15528F6963D00FC7D13 /* BaseInterceptor.swift in Sources */,
				27C2DFAA28F6A78E009356E5 /* UserInfo.swift in Sources */,
				27A977B128E34E130076FF80 /* Identifier.swift in Sources */,
				27B471C728D1AF1700805F79 /* RegisterViewController.swift in Sources */,
				27A977AD28E338EC0076FF80 /* TaskHeaderCell.swift in Sources */,
				ED0507F4291002F10016455B /* RegisterViewReactor.swift in Sources */,
				2793C12D28F535C500FC7D13 /* TodoNotificationService.swift in Sources */,
				278DE6B928D71A1200E38A1F /* SettingCellModel.swift in Sources */,
				2793C14028F5C1BF00FC7D13 /* BoardViewController.swift in Sources */,
				273E134F28F1D9A700877965 /* TaskListViewModel.swift in Sources */,
				27B471B628D0A9D900805F79 /* NotificationViewController.swift in Sources */,
				27B471D328D22E6900805F79 /* Constant.swift in Sources */,
				2793C12B28F52F4300FC7D13 /* UIButton+Extension.swift in Sources */,
				27C2DFAC28F6A927009356E5 /* AuthResponse.swift in Sources */,
				2793C15728F6986F00FC7D13 /* ApiLogger.swift in Sources */,
				27B471C928D1BAC300805F79 /* EmailSignUpViewController.swift in Sources */,
				27A977B728E3689C0076FF80 /* TaskCollectionView.swift in Sources */,
				27A977B528E363880076FF80 /* WeekView.swift in Sources */,
				2750A45428D04C95000EE24D /* PurposeView.swift in Sources */,
				2793C14E28F6670300FC7D13 /* InterestBoardCell.swift in Sources */,
				27A977AB28E331D70076FF80 /* TaskCell.swift in Sources */,
				27B471BD28D0ACF100805F79 /* Notification.swift in Sources */,
				2793C14428F5D52300FC7D13 /* PopularBoardView.swift in Sources */,
				2793C12428F499DC00FC7D13 /* TaskEditPresentaionController.swift in Sources */,
				27B471CB28D2070700805F79 /* TextFieldView.swift in Sources */,
				27B471B828D0ABAA00805F79 /* ItemViewController.swift in Sources */,
				2793C15C28F6A2A000FC7D13 /* AuthApiService.swift in Sources */,
				2793C14C28F5F25600FC7D13 /* InterestBoardView.swift in Sources */,
				2750A44F28D0340F000EE24D /* TabBarViewModel.swift in Sources */,
				27B471C228D19ADA00805F79 /* EmailLoginViewController.swift in Sources */,
				278DE6B728D6240000E38A1F /* NaverAuthService.swift in Sources */,
				2793C12028F4801600FC7D13 /* UserDefaultService.swift in Sources */,
				27B471D528D236D900805F79 /* AuthCredentials.swift in Sources */,
				2750A40728D02BE9000EE24D /* SceneDelegate.swift in Sources */,
				27B471C528D19B2400805F79 /* UIColor+Extension.swift in Sources */,
				2793C14628F5D7EA00FC7D13 /* PopularBoardCell.swift in Sources */,
				2793C14228F5D08C00FC7D13 /* TodoSettingViewController.swift in Sources */,
				27B471CF28D20DAF00805F79 /* ButtonConfig.swift in Sources */,
				27615A8928D4DB7D0099DB00 /* AuthNotificationService.swift in Sources */,
			);
			runOnlyForDeploymentPostprocessing = 0;
		};
		2750A41328D02BEB000EE24D /* Sources */ = {
			isa = PBXSourcesBuildPhase;
			buildActionMask = 2147483647;
			files = (
				2750A41C28D02BEB000EE24D /* HongikTimerTests.swift in Sources */,
			);
			runOnlyForDeploymentPostprocessing = 0;
		};
		2750A41D28D02BEB000EE24D /* Sources */ = {
			isa = PBXSourcesBuildPhase;
			buildActionMask = 2147483647;
			files = (
				2750A42828D02BEB000EE24D /* HongikTimerUITestsLaunchTests.swift in Sources */,
				2750A42628D02BEB000EE24D /* HongikTimerUITests.swift in Sources */,
			);
			runOnlyForDeploymentPostprocessing = 0;
		};
/* End PBXSourcesBuildPhase section */

/* Begin PBXTargetDependency section */
		2750A41928D02BEB000EE24D /* PBXTargetDependency */ = {
			isa = PBXTargetDependency;
			target = 2750A40028D02BE9000EE24D /* HongikTimer */;
			targetProxy = 2750A41828D02BEB000EE24D /* PBXContainerItemProxy */;
		};
		2750A42328D02BEB000EE24D /* PBXTargetDependency */ = {
			isa = PBXTargetDependency;
			target = 2750A40028D02BE9000EE24D /* HongikTimer */;
			targetProxy = 2750A42228D02BEB000EE24D /* PBXContainerItemProxy */;
		};
/* End PBXTargetDependency section */

/* Begin PBXVariantGroup section */
		2750A40F28D02BEB000EE24D /* LaunchScreen.storyboard */ = {
			isa = PBXVariantGroup;
			children = (
				2750A41028D02BEB000EE24D /* Base */,
			);
			name = LaunchScreen.storyboard;
			sourceTree = "<group>";
		};
/* End PBXVariantGroup section */

/* Begin XCBuildConfiguration section */
		2750A42928D02BEB000EE24D /* Debug */ = {
			isa = XCBuildConfiguration;
			baseConfigurationReference = 27615AA128D4EB5D0099DB00 /* Config.xcconfig */;
			buildSettings = {
				ALWAYS_SEARCH_USER_PATHS = NO;
				CLANG_ANALYZER_NONNULL = YES;
				CLANG_ANALYZER_NUMBER_OBJECT_CONVERSION = YES_AGGRESSIVE;
				CLANG_CXX_LANGUAGE_STANDARD = "gnu++17";
				CLANG_ENABLE_MODULES = YES;
				CLANG_ENABLE_OBJC_ARC = YES;
				CLANG_ENABLE_OBJC_WEAK = YES;
				CLANG_WARN_BLOCK_CAPTURE_AUTORELEASING = YES;
				CLANG_WARN_BOOL_CONVERSION = YES;
				CLANG_WARN_COMMA = YES;
				CLANG_WARN_CONSTANT_CONVERSION = YES;
				CLANG_WARN_DEPRECATED_OBJC_IMPLEMENTATIONS = YES;
				CLANG_WARN_DIRECT_OBJC_ISA_USAGE = YES_ERROR;
				CLANG_WARN_DOCUMENTATION_COMMENTS = YES;
				CLANG_WARN_EMPTY_BODY = YES;
				CLANG_WARN_ENUM_CONVERSION = YES;
				CLANG_WARN_INFINITE_RECURSION = YES;
				CLANG_WARN_INT_CONVERSION = YES;
				CLANG_WARN_NON_LITERAL_NULL_CONVERSION = YES;
				CLANG_WARN_OBJC_IMPLICIT_RETAIN_SELF = YES;
				CLANG_WARN_OBJC_LITERAL_CONVERSION = YES;
				CLANG_WARN_OBJC_ROOT_CLASS = YES_ERROR;
				CLANG_WARN_QUOTED_INCLUDE_IN_FRAMEWORK_HEADER = YES;
				CLANG_WARN_RANGE_LOOP_ANALYSIS = YES;
				CLANG_WARN_STRICT_PROTOTYPES = YES;
				CLANG_WARN_SUSPICIOUS_MOVE = YES;
				CLANG_WARN_UNGUARDED_AVAILABILITY = YES_AGGRESSIVE;
				CLANG_WARN_UNREACHABLE_CODE = YES;
				CLANG_WARN__DUPLICATE_METHOD_MATCH = YES;
				COPY_PHASE_STRIP = NO;
				DEBUG_INFORMATION_FORMAT = dwarf;
				ENABLE_STRICT_OBJC_MSGSEND = YES;
				ENABLE_TESTABILITY = YES;
				GCC_C_LANGUAGE_STANDARD = gnu11;
				GCC_DYNAMIC_NO_PIC = NO;
				GCC_NO_COMMON_BLOCKS = YES;
				GCC_OPTIMIZATION_LEVEL = 0;
				GCC_PREPROCESSOR_DEFINITIONS = (
					"DEBUG=1",
					"$(inherited)",
				);
				GCC_WARN_64_TO_32_BIT_CONVERSION = YES;
				GCC_WARN_ABOUT_RETURN_TYPE = YES_ERROR;
				GCC_WARN_UNDECLARED_SELECTOR = YES;
				GCC_WARN_UNINITIALIZED_AUTOS = YES_AGGRESSIVE;
				GCC_WARN_UNUSED_FUNCTION = YES;
				GCC_WARN_UNUSED_VARIABLE = YES;
				IPHONEOS_DEPLOYMENT_TARGET = 15.0;
				MTL_ENABLE_DEBUG_INFO = INCLUDE_SOURCE;
				MTL_FAST_MATH = YES;
				ONLY_ACTIVE_ARCH = YES;
				SDKROOT = iphoneos;
				SWIFT_ACTIVE_COMPILATION_CONDITIONS = DEBUG;
				SWIFT_OPTIMIZATION_LEVEL = "-Onone";
			};
			name = Debug;
		};
		2750A42A28D02BEB000EE24D /* Release */ = {
			isa = XCBuildConfiguration;
			baseConfigurationReference = 27615AA128D4EB5D0099DB00 /* Config.xcconfig */;
			buildSettings = {
				ALWAYS_SEARCH_USER_PATHS = NO;
				CLANG_ANALYZER_NONNULL = YES;
				CLANG_ANALYZER_NUMBER_OBJECT_CONVERSION = YES_AGGRESSIVE;
				CLANG_CXX_LANGUAGE_STANDARD = "gnu++17";
				CLANG_ENABLE_MODULES = YES;
				CLANG_ENABLE_OBJC_ARC = YES;
				CLANG_ENABLE_OBJC_WEAK = YES;
				CLANG_WARN_BLOCK_CAPTURE_AUTORELEASING = YES;
				CLANG_WARN_BOOL_CONVERSION = YES;
				CLANG_WARN_COMMA = YES;
				CLANG_WARN_CONSTANT_CONVERSION = YES;
				CLANG_WARN_DEPRECATED_OBJC_IMPLEMENTATIONS = YES;
				CLANG_WARN_DIRECT_OBJC_ISA_USAGE = YES_ERROR;
				CLANG_WARN_DOCUMENTATION_COMMENTS = YES;
				CLANG_WARN_EMPTY_BODY = YES;
				CLANG_WARN_ENUM_CONVERSION = YES;
				CLANG_WARN_INFINITE_RECURSION = YES;
				CLANG_WARN_INT_CONVERSION = YES;
				CLANG_WARN_NON_LITERAL_NULL_CONVERSION = YES;
				CLANG_WARN_OBJC_IMPLICIT_RETAIN_SELF = YES;
				CLANG_WARN_OBJC_LITERAL_CONVERSION = YES;
				CLANG_WARN_OBJC_ROOT_CLASS = YES_ERROR;
				CLANG_WARN_QUOTED_INCLUDE_IN_FRAMEWORK_HEADER = YES;
				CLANG_WARN_RANGE_LOOP_ANALYSIS = YES;
				CLANG_WARN_STRICT_PROTOTYPES = YES;
				CLANG_WARN_SUSPICIOUS_MOVE = YES;
				CLANG_WARN_UNGUARDED_AVAILABILITY = YES_AGGRESSIVE;
				CLANG_WARN_UNREACHABLE_CODE = YES;
				CLANG_WARN__DUPLICATE_METHOD_MATCH = YES;
				COPY_PHASE_STRIP = NO;
				DEBUG_INFORMATION_FORMAT = "dwarf-with-dsym";
				ENABLE_NS_ASSERTIONS = NO;
				ENABLE_STRICT_OBJC_MSGSEND = YES;
				GCC_C_LANGUAGE_STANDARD = gnu11;
				GCC_NO_COMMON_BLOCKS = YES;
				GCC_WARN_64_TO_32_BIT_CONVERSION = YES;
				GCC_WARN_ABOUT_RETURN_TYPE = YES_ERROR;
				GCC_WARN_UNDECLARED_SELECTOR = YES;
				GCC_WARN_UNINITIALIZED_AUTOS = YES_AGGRESSIVE;
				GCC_WARN_UNUSED_FUNCTION = YES;
				GCC_WARN_UNUSED_VARIABLE = YES;
				IPHONEOS_DEPLOYMENT_TARGET = 15.0;
				MTL_ENABLE_DEBUG_INFO = NO;
				MTL_FAST_MATH = YES;
				SDKROOT = iphoneos;
				SWIFT_COMPILATION_MODE = wholemodule;
				SWIFT_OPTIMIZATION_LEVEL = "-O";
				VALIDATE_PRODUCT = YES;
			};
			name = Release;
		};
		2750A42C28D02BEB000EE24D /* Debug */ = {
			isa = XCBuildConfiguration;
			baseConfigurationReference = EA1F5AB474B727D1BE4675FD /* Pods-HongikTimer.debug.xcconfig */;
			buildSettings = {
				ALWAYS_EMBED_SWIFT_STANDARD_LIBRARIES = "$(inherited)";
				ASSETCATALOG_COMPILER_APPICON_NAME = AppIcon;
				ASSETCATALOG_COMPILER_GLOBAL_ACCENT_COLOR_NAME = AccentColor;
				CODE_SIGN_ENTITLEMENTS = HongikTimer/HongikTimer.entitlements;
				CODE_SIGN_STYLE = Automatic;
				CURRENT_PROJECT_VERSION = 1;
				DEVELOPMENT_TEAM = 82J7RU93V4;
				GENERATE_INFOPLIST_FILE = YES;
				INFOPLIST_FILE = HongikTimer/Info.plist;
				INFOPLIST_KEY_UIApplicationSupportsIndirectInputEvents = YES;
				INFOPLIST_KEY_UILaunchStoryboardName = LaunchScreen;
				INFOPLIST_KEY_UISupportedInterfaceOrientations = UIInterfaceOrientationPortrait;
				INFOPLIST_KEY_UISupportedInterfaceOrientations_iPad = "UIInterfaceOrientationLandscapeLeft UIInterfaceOrientationLandscapeRight UIInterfaceOrientationPortrait UIInterfaceOrientationPortraitUpsideDown";
				LD_RUNPATH_SEARCH_PATHS = (
					"$(inherited)",
					"@executable_path/Frameworks",
				);
				MARKETING_VERSION = 1.0;
				PRODUCT_BUNDLE_IDENTIFIER = seaLion.HongikTimer;
				PRODUCT_NAME = "$(TARGET_NAME)";
				SWIFT_EMIT_LOC_STRINGS = YES;
				SWIFT_VERSION = 5.0;
				TARGETED_DEVICE_FAMILY = 1;
			};
			name = Debug;
		};
		2750A42D28D02BEB000EE24D /* Release */ = {
			isa = XCBuildConfiguration;
			baseConfigurationReference = 583263E1154E6955416586F3 /* Pods-HongikTimer.release.xcconfig */;
			buildSettings = {
				ALWAYS_EMBED_SWIFT_STANDARD_LIBRARIES = "$(inherited)";
				ASSETCATALOG_COMPILER_APPICON_NAME = AppIcon;
				ASSETCATALOG_COMPILER_GLOBAL_ACCENT_COLOR_NAME = AccentColor;
				CODE_SIGN_ENTITLEMENTS = HongikTimer/HongikTimer.entitlements;
				CODE_SIGN_STYLE = Automatic;
				CURRENT_PROJECT_VERSION = 1;
				DEVELOPMENT_TEAM = 82J7RU93V4;
				GENERATE_INFOPLIST_FILE = YES;
				INFOPLIST_FILE = HongikTimer/Info.plist;
				INFOPLIST_KEY_UIApplicationSupportsIndirectInputEvents = YES;
				INFOPLIST_KEY_UILaunchStoryboardName = LaunchScreen;
				INFOPLIST_KEY_UISupportedInterfaceOrientations = UIInterfaceOrientationPortrait;
				INFOPLIST_KEY_UISupportedInterfaceOrientations_iPad = "UIInterfaceOrientationLandscapeLeft UIInterfaceOrientationLandscapeRight UIInterfaceOrientationPortrait UIInterfaceOrientationPortraitUpsideDown";
				LD_RUNPATH_SEARCH_PATHS = (
					"$(inherited)",
					"@executable_path/Frameworks",
				);
				MARKETING_VERSION = 1.0;
				PRODUCT_BUNDLE_IDENTIFIER = seaLion.HongikTimer;
				PRODUCT_NAME = "$(TARGET_NAME)";
				SWIFT_EMIT_LOC_STRINGS = YES;
				SWIFT_VERSION = 5.0;
				TARGETED_DEVICE_FAMILY = 1;
			};
			name = Release;
		};
		2750A42F28D02BEB000EE24D /* Debug */ = {
			isa = XCBuildConfiguration;
			baseConfigurationReference = 58038C9761BB30679E5DE303 /* Pods-HongikTimerTests.debug.xcconfig */;
			buildSettings = {
				ALWAYS_EMBED_SWIFT_STANDARD_LIBRARIES = YES;
				BUNDLE_LOADER = "$(TEST_HOST)";
				CODE_SIGN_STYLE = Automatic;
				CURRENT_PROJECT_VERSION = 1;
				DEVELOPMENT_TEAM = 82J7RU93V4;
				GENERATE_INFOPLIST_FILE = YES;
				IPHONEOS_DEPLOYMENT_TARGET = 15.5;
				MARKETING_VERSION = 1.0;
				PRODUCT_BUNDLE_IDENTIFIER = seaLion.HongikTimerTests;
				PRODUCT_NAME = "$(TARGET_NAME)";
				SWIFT_EMIT_LOC_STRINGS = NO;
				SWIFT_VERSION = 5.0;
				TARGETED_DEVICE_FAMILY = "1,2";
				TEST_HOST = "$(BUILT_PRODUCTS_DIR)/HongikTimer.app/HongikTimer";
			};
			name = Debug;
		};
		2750A43028D02BEB000EE24D /* Release */ = {
			isa = XCBuildConfiguration;
			baseConfigurationReference = 57C6F192BD0CB9B8275D4676 /* Pods-HongikTimerTests.release.xcconfig */;
			buildSettings = {
				ALWAYS_EMBED_SWIFT_STANDARD_LIBRARIES = YES;
				BUNDLE_LOADER = "$(TEST_HOST)";
				CODE_SIGN_STYLE = Automatic;
				CURRENT_PROJECT_VERSION = 1;
				DEVELOPMENT_TEAM = 82J7RU93V4;
				GENERATE_INFOPLIST_FILE = YES;
				IPHONEOS_DEPLOYMENT_TARGET = 15.5;
				MARKETING_VERSION = 1.0;
				PRODUCT_BUNDLE_IDENTIFIER = seaLion.HongikTimerTests;
				PRODUCT_NAME = "$(TARGET_NAME)";
				SWIFT_EMIT_LOC_STRINGS = NO;
				SWIFT_VERSION = 5.0;
				TARGETED_DEVICE_FAMILY = "1,2";
				TEST_HOST = "$(BUILT_PRODUCTS_DIR)/HongikTimer.app/HongikTimer";
			};
			name = Release;
		};
		2750A43228D02BEB000EE24D /* Debug */ = {
			isa = XCBuildConfiguration;
			baseConfigurationReference = 0BC366D269652CAB663F933B /* Pods-HongikTimer-HongikTimerUITests.debug.xcconfig */;
			buildSettings = {
				ALWAYS_EMBED_SWIFT_STANDARD_LIBRARIES = "$(inherited)";
				CODE_SIGN_STYLE = Automatic;
				CURRENT_PROJECT_VERSION = 1;
				DEVELOPMENT_TEAM = 82J7RU93V4;
				GENERATE_INFOPLIST_FILE = YES;
				MARKETING_VERSION = 1.0;
				PRODUCT_BUNDLE_IDENTIFIER = seaLion.HongikTimerUITests;
				PRODUCT_NAME = "$(TARGET_NAME)";
				SWIFT_EMIT_LOC_STRINGS = NO;
				SWIFT_VERSION = 5.0;
				TARGETED_DEVICE_FAMILY = "1,2";
				TEST_TARGET_NAME = HongikTimer;
			};
			name = Debug;
		};
		2750A43328D02BEB000EE24D /* Release */ = {
			isa = XCBuildConfiguration;
			baseConfigurationReference = A17F95CB44DA866D16431521 /* Pods-HongikTimer-HongikTimerUITests.release.xcconfig */;
			buildSettings = {
				ALWAYS_EMBED_SWIFT_STANDARD_LIBRARIES = "$(inherited)";
				CODE_SIGN_STYLE = Automatic;
				CURRENT_PROJECT_VERSION = 1;
				DEVELOPMENT_TEAM = 82J7RU93V4;
				GENERATE_INFOPLIST_FILE = YES;
				MARKETING_VERSION = 1.0;
				PRODUCT_BUNDLE_IDENTIFIER = seaLion.HongikTimerUITests;
				PRODUCT_NAME = "$(TARGET_NAME)";
				SWIFT_EMIT_LOC_STRINGS = NO;
				SWIFT_VERSION = 5.0;
				TARGETED_DEVICE_FAMILY = "1,2";
				TEST_TARGET_NAME = HongikTimer;
			};
			name = Release;
		};
/* End XCBuildConfiguration section */

/* Begin XCConfigurationList section */
		2750A3FC28D02BE9000EE24D /* Build configuration list for PBXProject "HongikTimer" */ = {
			isa = XCConfigurationList;
			buildConfigurations = (
				2750A42928D02BEB000EE24D /* Debug */,
				2750A42A28D02BEB000EE24D /* Release */,
			);
			defaultConfigurationIsVisible = 0;
			defaultConfigurationName = Release;
		};
		2750A42B28D02BEB000EE24D /* Build configuration list for PBXNativeTarget "HongikTimer" */ = {
			isa = XCConfigurationList;
			buildConfigurations = (
				2750A42C28D02BEB000EE24D /* Debug */,
				2750A42D28D02BEB000EE24D /* Release */,
			);
			defaultConfigurationIsVisible = 0;
			defaultConfigurationName = Release;
		};
		2750A42E28D02BEB000EE24D /* Build configuration list for PBXNativeTarget "HongikTimerTests" */ = {
			isa = XCConfigurationList;
			buildConfigurations = (
				2750A42F28D02BEB000EE24D /* Debug */,
				2750A43028D02BEB000EE24D /* Release */,
			);
			defaultConfigurationIsVisible = 0;
			defaultConfigurationName = Release;
		};
		2750A43128D02BEB000EE24D /* Build configuration list for PBXNativeTarget "HongikTimerUITests" */ = {
			isa = XCConfigurationList;
			buildConfigurations = (
				2750A43228D02BEB000EE24D /* Debug */,
				2750A43328D02BEB000EE24D /* Release */,
			);
			defaultConfigurationIsVisible = 0;
			defaultConfigurationName = Release;
		};
/* End XCConfigurationList section */

/* Begin XCRemoteSwiftPackageReference section */
		2755964A28D5D3F400E103F6 /* XCRemoteSwiftPackageReference "Then" */ = {
			isa = XCRemoteSwiftPackageReference;
			repositoryURL = "https://github.com/devxoul/Then";
			requirement = {
				kind = upToNextMinorVersion;
				minimumVersion = 3.0.0;
			};
		};
		2755964D28D5D40B00E103F6 /* XCRemoteSwiftPackageReference "SnapKit" */ = {
			isa = XCRemoteSwiftPackageReference;
			repositoryURL = "https://github.com/SnapKit/SnapKit.git";
			requirement = {
				kind = upToNextMinorVersion;
				minimumVersion = 5.6.0;
			};
		};
		2755965028D5D42100E103F6 /* XCRemoteSwiftPackageReference "Kingfisher" */ = {
			isa = XCRemoteSwiftPackageReference;
			repositoryURL = "https://github.com/onevcat/Kingfisher.git";
			requirement = {
				kind = upToNextMinorVersion;
				minimumVersion = 7.3.0;
			};
		};
		2793C13128F5901400FC7D13 /* XCRemoteSwiftPackageReference "lottie-ios" */ = {
			isa = XCRemoteSwiftPackageReference;
			repositoryURL = "https://github.com/airbnb/lottie-ios.git";
			requirement = {
				kind = upToNextMinorVersion;
				minimumVersion = 3.5.0;
			};
		};
/* End XCRemoteSwiftPackageReference section */

/* Begin XCSwiftPackageProductDependency section */
		2755964B28D5D3F400E103F6 /* Then */ = {
			isa = XCSwiftPackageProductDependency;
			package = 2755964A28D5D3F400E103F6 /* XCRemoteSwiftPackageReference "Then" */;
			productName = Then;
		};
		2755964E28D5D40B00E103F6 /* SnapKit */ = {
			isa = XCSwiftPackageProductDependency;
			package = 2755964D28D5D40B00E103F6 /* XCRemoteSwiftPackageReference "SnapKit" */;
			productName = SnapKit;
		};
		2755965128D5D42100E103F6 /* Kingfisher */ = {
			isa = XCSwiftPackageProductDependency;
			package = 2755965028D5D42100E103F6 /* XCRemoteSwiftPackageReference "Kingfisher" */;
			productName = Kingfisher;
		};
		2793C13228F5901400FC7D13 /* Lottie */ = {
			isa = XCSwiftPackageProductDependency;
			package = 2793C13128F5901400FC7D13 /* XCRemoteSwiftPackageReference "lottie-ios" */;
			productName = Lottie;
		};
/* End XCSwiftPackageProductDependency section */
	};
	rootObject = 2750A3F928D02BE9000EE24D /* Project object */;
}
